<?xml version="1.0" encoding="utf-8"?>
<Project ToolsVersion="4.0" xmlns="http://schemas.microsoft.com/developer/msbuild/2003">
  <ItemGroup>
    <Filter Include="소스 파일">
      <UniqueIdentifier>{4FC737F1-C7A5-4376-A066-2A32D752A2FF}</UniqueIdentifier>
      <Extensions>cpp;c;cc;cxx;c++;cppm;ixx;def;odl;idl;hpj;bat;asm;asmx</Extensions>
    </Filter>
    <Filter Include="헤더 파일">
      <UniqueIdentifier>{93995380-89BD-4b04-88EB-625FBE52EBFB}</UniqueIdentifier>
      <Extensions>h;hh;hpp;hxx;h++;hm;inl;inc;ipp;xsd</Extensions>
    </Filter>
    <Filter Include="리소스 파일">
      <UniqueIdentifier>{67DA6AB6-F800-4c08-8B7A-83BB121AAD01}</UniqueIdentifier>
      <Extensions>rc;ico;cur;bmp;dlg;rc2;rct;bin;rgs;gif;jpg;jpeg;jpe;resx;tiff;tif;png;wav;mfcribbon-ms</Extensions>
    </Filter>
    <Filter Include="헤더 파일\Example">
      <UniqueIdentifier>{a06a7b58-ee94-4300-b2e0-76f6ffb065bf}</UniqueIdentifier>
    </Filter>
    <Filter Include="헤더 파일\Example\Ex_Triangle">
      <UniqueIdentifier>{50d2ab15-2a2e-4856-a48a-0c84fee347be}</UniqueIdentifier>
    </Filter>
    <Filter Include="헤더 파일\Example\Ex_BoxCamera">
      <UniqueIdentifier>{1d82ad73-2b3e-4fba-bb37-5ae40a1f42b9}</UniqueIdentifier>
    </Filter>
    <Filter Include="헤더 파일\Example\Ex_TriangleColor">
      <UniqueIdentifier>{bde0d243-37b7-45a8-ba7a-320c30479abb}</UniqueIdentifier>
    </Filter>
  </ItemGroup>
  <ItemGroup>
    <ClInclude Include="src\framework.h">
      <Filter>헤더 파일</Filter>
    </ClInclude>
    <ClInclude Include="src\targetver.h">
      <Filter>헤더 파일</Filter>
    </ClInclude>
    <ClInclude Include="src\Resource.h">
      <Filter>헤더 파일</Filter>
    </ClInclude>
    <ClInclude Include="src\Client.h">
      <Filter>헤더 파일</Filter>
    </ClInclude>
    <ClInclude Include="src\App.h">
      <Filter>헤더 파일</Filter>
    </ClInclude>
    <ClInclude Include="src\Example\IExample.h">
      <Filter>헤더 파일\Example</Filter>
    </ClInclude>
    <ClInclude Include="src\Example\00_Ex_Triagle\Ex_Triangle.h">
      <Filter>헤더 파일\Example\Ex_Triangle</Filter>
    </ClInclude>
    <ClInclude Include="src\Helper\Transform.h">
      <Filter>헤더 파일</Filter>
    </ClInclude>
    <ClInclude Include="src\Example\02_Ex_BoxCamera\Ex_BoxCamera.h">
      <Filter>헤더 파일\Example\Ex_BoxCamera</Filter>
    </ClInclude>
    <ClInclude Include="src\Example\01_Ex_TriangleColor\Ex_TriangleColor.h">
      <Filter>헤더 파일\Example\Ex_TriangleColor</Filter>
    </ClInclude>
    <ClInclude Include="src\Example\03_Ex_Light\Ex_Light.h">
      <Filter>헤더 파일</Filter>
    </ClInclude>
  </ItemGroup>
  <ItemGroup>
    <ClCompile Include="src\Client.cpp">
      <Filter>소스 파일</Filter>
    </ClCompile>
    <ClCompile Include="src\App.cpp">
      <Filter>소스 파일</Filter>
    </ClCompile>
    <ClCompile Include="src\Example\00_Ex_Triagle\Ex_Triangle.cpp">
      <Filter>소스 파일</Filter>
    </ClCompile>
    <ClCompile Include="src\Example\01_Ex_TriangleColor\Ex_TriangleColor.cpp">
      <Filter>소스 파일</Filter>
    </ClCompile>
    <ClCompile Include="src\Example\02_Ex_BoxCamera\Ex_BoxCamera.cpp">
      <Filter>소스 파일</Filter>
    </ClCompile>
    <ClCompile Include="src\Helper\Transform.cpp">
      <Filter>소스 파일</Filter>
    </ClCompile>
    <ClCompile Include="src\Example\03_Ex_Light\Ex_Light.cpp">
      <Filter>소스 파일</Filter>
    </ClCompile>
  </ItemGroup>
  <ItemGroup>
    <ResourceCompile Include="src\Client.rc">
      <Filter>리소스 파일</Filter>
    </ResourceCompile>
  </ItemGroup>
  <ItemGroup>
    <Image Include="src\small.ico">
      <Filter>리소스 파일</Filter>
    </Image>
    <Image Include="src\Client.ico">
      <Filter>리소스 파일</Filter>
    </Image>
  </ItemGroup>
</Project>